
Microsoft Visual Studio Solution File, Format Version 12.00
# Visual Studio Version 17
VisualStudioVersion = 17.0.31903.59
MinimumVisualStudioVersion = 10.0.40219.1
Project("{2150E333-8FDC-42A3-9474-1A3956D46DE8}") = "src", "src", "{827E0CD3-B72D-47B6-A68D-7590B98EB39B}"
EndProject
Project("{FAE04EC0-301F-11D3-BF4B-00C04F79EFBC}") = "SakritCraft.Client", "src\SakritCraft.Client\SakritCraft.Client.csproj", "{272BC91F-181B-4245-82C2-C5229FA86C43}"
EndProject
Project("{FAE04EC0-301F-11D3-BF4B-00C04F79EFBC}") = "SakritCraft.Content", "src\SakritCraft.Content\SakritCraft.Content.csproj", "{2586F325-22BE-40E5-87DF-150749A0E129}"
EndProject
Project("{FAE04EC0-301F-11D3-BF4B-00C04F79EFBC}") = "SakritCraft.Core", "src\SakritCraft.Core\SakritCraft.Core.csproj", "{DC79CBE0-1BCB-43F9-9DBE-51AE7ED596AB}"
EndProject
Project("{FAE04EC0-301F-11D3-BF4B-00C04F79EFBC}") = "SakritCraft.Mesh", "src\SakritCraft.Mesh\SakritCraft.Mesh.csproj", "{E1BB295E-8520-4F47-8A7E-9B259683BA25}"
EndProject
Project("{FAE04EC0-301F-11D3-BF4B-00C04F79EFBC}") = "SakritCraft.Net", "src\SakritCraft.Net\SakritCraft.Net.csproj", "{EE7681E8-B5D2-4669-ACCA-8DA56BB8DFD2}"
EndProject
Project("{FAE04EC0-301F-11D3-BF4B-00C04F79EFBC}") = "SakritCraft.Physics", "src\SakritCraft.Physics\SakritCraft.Physics.csproj", "{68869361-99E4-4A04-8DEA-AA6C9763533D}"
EndProject
Project("{FAE04EC0-301F-11D3-BF4B-00C04F79EFBC}") = "SakritCraft.Render", "src\SakritCraft.Render\SakritCraft.Render.csproj", "{86DDF6A3-C775-4743-B349-695BF9D15C74}"
EndProject
Project("{FAE04EC0-301F-11D3-BF4B-00C04F79EFBC}") = "SakritCraft.Sim", "src\SakritCraft.Sim\SakritCraft.Sim.csproj", "{71D52CA2-F5CA-43BF-82CB-30FD4015E451}"
EndProject
Project("{FAE04EC0-301F-11D3-BF4B-00C04F79EFBC}") = "SakritCraft.World", "src\SakritCraft.World\SakritCraft.World.csproj", "{1AA62B43-0E37-44CC-83D3-6A5728542DEC}"
EndProject
Project("{2150E333-8FDC-42A3-9474-1A3956D46DE8}") = "tools", "tools", "{07C2787E-EAC7-C090-1BA3-A61EC2A24D84}"
EndProject
Project("{FAE04EC0-301F-11D3-BF4B-00C04F79EFBC}") = "SakritCraft.TextureForge", "tools\SakritCraft.TextureForge\SakritCraft.TextureForge.csproj", "{5458700E-FAFE-4DB5-8D00-3E848F039411}"
EndProject
Project("{2150E333-8FDC-42A3-9474-1A3956D46DE8}") = "tests", "tests", "{0AB3BF05-4346-4AA6-1389-037BE0695223}"
EndProject
Project("{FAE04EC0-301F-11D3-BF4B-00C04F79EFBC}") = "SakritCraft.Tests", "tests\SakritCraft.Tests\SakritCraft.Tests.csproj", "{6BA1D96C-0510-4DB2-B965-93CA0AB7F73E}"
EndProject
Global
	GlobalSection(SolutionConfigurationPlatforms) = preSolution
		Debug|Any CPU = Debug|Any CPU
		Debug|x64 = Debug|x64
		Debug|x86 = Debug|x86
		Release|Any CPU = Release|Any CPU
		Release|x64 = Release|x64
		Release|x86 = Release|x86
	EndGlobalSection
	GlobalSection(ProjectConfigurationPlatforms) = postSolution
		{272BC91F-181B-4245-82C2-C5229FA86C43}.Debug|Any CPU.ActiveCfg = Debug|x64
		{272BC91F-181B-4245-82C2-C5229FA86C43}.Debug|Any CPU.Build.0 = Debug|x64
		{272BC91F-181B-4245-82C2-C5229FA86C43}.Debug|x64.ActiveCfg = Debug|x64
		{272BC91F-181B-4245-82C2-C5229FA86C43}.Debug|x64.Build.0 = Debug|x64
		{272BC91F-181B-4245-82C2-C5229FA86C43}.Debug|x86.ActiveCfg = Debug|x64
		{272BC91F-181B-4245-82C2-C5229FA86C43}.Debug|x86.Build.0 = Debug|x64
		{272BC91F-181B-4245-82C2-C5229FA86C43}.Release|Any CPU.ActiveCfg = Release|x64
		{272BC91F-181B-4245-82C2-C5229FA86C43}.Release|Any CPU.Build.0 = Release|x64
		{272BC91F-181B-4245-82C2-C5229FA86C43}.Release|x64.ActiveCfg = Release|x64
		{272BC91F-181B-4245-82C2-C5229FA86C43}.Release|x64.Build.0 = Release|x64
		{272BC91F-181B-4245-82C2-C5229FA86C43}.Release|x86.ActiveCfg = Release|x64
		{272BC91F-181B-4245-82C2-C5229FA86C43}.Release|x86.Build.0 = Release|x64
		{2586F325-22BE-40E5-87DF-150749A0E129}.Debug|Any CPU.ActiveCfg = Debug|x64
		{2586F325-22BE-40E5-87DF-150749A0E129}.Debug|Any CPU.Build.0 = Debug|x64
		{2586F325-22BE-40E5-87DF-150749A0E129}.Debug|x64.ActiveCfg = Debug|x64
		{2586F325-22BE-40E5-87DF-150749A0E129}.Debug|x64.Build.0 = Debug|x64
		{2586F325-22BE-40E5-87DF-150749A0E129}.Debug|x86.ActiveCfg = Debug|x64
		{2586F325-22BE-40E5-87DF-150749A0E129}.Debug|x86.Build.0 = Debug|x64
		{2586F325-22BE-40E5-87DF-150749A0E129}.Release|Any CPU.ActiveCfg = Release|x64
		{2586F325-22BE-40E5-87DF-150749A0E129}.Release|Any CPU.Build.0 = Release|x64
		{2586F325-22BE-40E5-87DF-150749A0E129}.Release|x64.ActiveCfg = Release|x64
		{2586F325-22BE-40E5-87DF-150749A0E129}.Release|x64.Build.0 = Release|x64
		{2586F325-22BE-40E5-87DF-150749A0E129}.Release|x86.ActiveCfg = Release|x64
		{2586F325-22BE-40E5-87DF-150749A0E129}.Release|x86.Build.0 = Release|x64
		{DC79CBE0-1BCB-43F9-9DBE-51AE7ED596AB}.Debug|Any CPU.ActiveCfg = Debug|x64
		{DC79CBE0-1BCB-43F9-9DBE-51AE7ED596AB}.Debug|Any CPU.Build.0 = Debug|x64
		{DC79CBE0-1BCB-43F9-9DBE-51AE7ED596AB}.Debug|x64.ActiveCfg = Debug|x64
		{DC79CBE0-1BCB-43F9-9DBE-51AE7ED596AB}.Debug|x64.Build.0 = Debug|x64
		{DC79CBE0-1BCB-43F9-9DBE-51AE7ED596AB}.Debug|x86.ActiveCfg = Debug|x64
		{DC79CBE0-1BCB-43F9-9DBE-51AE7ED596AB}.Debug|x86.Build.0 = Debug|x64
		{DC79CBE0-1BCB-43F9-9DBE-51AE7ED596AB}.Release|Any CPU.ActiveCfg = Release|x64
		{DC79CBE0-1BCB-43F9-9DBE-51AE7ED596AB}.Release|Any CPU.Build.0 = Release|x64
		{DC79CBE0-1BCB-43F9-9DBE-51AE7ED596AB}.Release|x64.ActiveCfg = Release|x64
		{DC79CBE0-1BCB-43F9-9DBE-51AE7ED596AB}.Release|x64.Build.0 = Release|x64
		{DC79CBE0-1BCB-43F9-9DBE-51AE7ED596AB}.Release|x86.ActiveCfg = Release|x64
		{DC79CBE0-1BCB-43F9-9DBE-51AE7ED596AB}.Release|x86.Build.0 = Release|x64
		{E1BB295E-8520-4F47-8A7E-9B259683BA25}.Debug|Any CPU.ActiveCfg = Debug|x64
		{E1BB295E-8520-4F47-8A7E-9B259683BA25}.Debug|Any CPU.Build.0 = Debug|x64
		{E1BB295E-8520-4F47-8A7E-9B259683BA25}.Debug|x64.ActiveCfg = Debug|x64
		{E1BB295E-8520-4F47-8A7E-9B259683BA25}.Debug|x64.Build.0 = Debug|x64
		{E1BB295E-8520-4F47-8A7E-9B259683BA25}.Debug|x86.ActiveCfg = Debug|x64
		{E1BB295E-8520-4F47-8A7E-9B259683BA25}.Debug|x86.Build.0 = Debug|x64
		{E1BB295E-8520-4F47-8A7E-9B259683BA25}.Release|Any CPU.ActiveCfg = Release|x64
		{E1BB295E-8520-4F47-8A7E-9B259683BA25}.Release|Any CPU.Build.0 = Release|x64
		{E1BB295E-8520-4F47-8A7E-9B259683BA25}.Release|x64.ActiveCfg = Release|x64
		{E1BB295E-8520-4F47-8A7E-9B259683BA25}.Release|x64.Build.0 = Release|x64
		{E1BB295E-8520-4F47-8A7E-9B259683BA25}.Release|x86.ActiveCfg = Release|x64
		{E1BB295E-8520-4F47-8A7E-9B259683BA25}.Release|x86.Build.0 = Release|x64
		{EE7681E8-B5D2-4669-ACCA-8DA56BB8DFD2}.Debug|Any CPU.ActiveCfg = Debug|x64
		{EE7681E8-B5D2-4669-ACCA-8DA56BB8DFD2}.Debug|Any CPU.Build.0 = Debug|x64
		{EE7681E8-B5D2-4669-ACCA-8DA56BB8DFD2}.Debug|x64.ActiveCfg = Debug|x64
		{EE7681E8-B5D2-4669-ACCA-8DA56BB8DFD2}.Debug|x64.Build.0 = Debug|x64
		{EE7681E8-B5D2-4669-ACCA-8DA56BB8DFD2}.Debug|x86.ActiveCfg = Debug|x64
		{EE7681E8-B5D2-4669-ACCA-8DA56BB8DFD2}.Debug|x86.Build.0 = Debug|x64
		{EE7681E8-B5D2-4669-ACCA-8DA56BB8DFD2}.Release|Any CPU.ActiveCfg = Release|x64
		{EE7681E8-B5D2-4669-ACCA-8DA56BB8DFD2}.Release|Any CPU.Build.0 = Release|x64
		{EE7681E8-B5D2-4669-ACCA-8DA56BB8DFD2}.Release|x64.ActiveCfg = Release|x64
		{EE7681E8-B5D2-4669-ACCA-8DA56BB8DFD2}.Release|x64.Build.0 = Release|x64
		{EE7681E8-B5D2-4669-ACCA-8DA56BB8DFD2}.Release|x86.ActiveCfg = Release|x64
		{EE7681E8-B5D2-4669-ACCA-8DA56BB8DFD2}.Release|x86.Build.0 = Release|x64
		{68869361-99E4-4A04-8DEA-AA6C9763533D}.Debug|Any CPU.ActiveCfg = Debug|x64
		{68869361-99E4-4A04-8DEA-AA6C9763533D}.Debug|Any CPU.Build.0 = Debug|x64
		{68869361-99E4-4A04-8DEA-AA6C9763533D}.Debug|x64.ActiveCfg = Debug|x64
		{68869361-99E4-4A04-8DEA-AA6C9763533D}.Debug|x64.Build.0 = Debug|x64
		{68869361-99E4-4A04-8DEA-AA6C9763533D}.Debug|x86.ActiveCfg = Debug|x64
		{68869361-99E4-4A04-8DEA-AA6C9763533D}.Debug|x86.Build.0 = Debug|x64
		{68869361-99E4-4A04-8DEA-AA6C9763533D}.Release|Any CPU.ActiveCfg = Release|x64
		{68869361-99E4-4A04-8DEA-AA6C9763533D}.Release|Any CPU.Build.0 = Release|x64
		{68869361-99E4-4A04-8DEA-AA6C9763533D}.Release|x64.ActiveCfg = Release|x64
		{68869361-99E4-4A04-8DEA-AA6C9763533D}.Release|x64.Build.0 = Release|x64
		{68869361-99E4-4A04-8DEA-AA6C9763533D}.Release|x86.ActiveCfg = Release|x64
		{68869361-99E4-4A04-8DEA-AA6C9763533D}.Release|x86.Build.0 = Release|x64
		{86DDF6A3-C775-4743-B349-695BF9D15C74}.Debug|Any CPU.ActiveCfg = Debug|x64
		{86DDF6A3-C775-4743-B349-695BF9D15C74}.Debug|Any CPU.Build.0 = Debug|x64
		{86DDF6A3-C775-4743-B349-695BF9D15C74}.Debug|x64.ActiveCfg = Debug|x64
		{86DDF6A3-C775-4743-B349-695BF9D15C74}.Debug|x64.Build.0 = Debug|x64
		{86DDF6A3-C775-4743-B349-695BF9D15C74}.Debug|x86.ActiveCfg = Debug|x64
		{86DDF6A3-C775-4743-B349-695BF9D15C74}.Debug|x86.Build.0 = Debug|x64
		{86DDF6A3-C775-4743-B349-695BF9D15C74}.Release|Any CPU.ActiveCfg = Release|x64
		{86DDF6A3-C775-4743-B349-695BF9D15C74}.Release|Any CPU.Build.0 = Release|x64
		{86DDF6A3-C775-4743-B349-695BF9D15C74}.Release|x64.ActiveCfg = Release|x64
		{86DDF6A3-C775-4743-B349-695BF9D15C74}.Release|x64.Build.0 = Release|x64
		{86DDF6A3-C775-4743-B349-695BF9D15C74}.Release|x86.ActiveCfg = Release|x64
		{86DDF6A3-C775-4743-B349-695BF9D15C74}.Release|x86.Build.0 = Release|x64
		{71D52CA2-F5CA-43BF-82CB-30FD4015E451}.Debug|Any CPU.ActiveCfg = Debug|x64
		{71D52CA2-F5CA-43BF-82CB-30FD4015E451}.Debug|Any CPU.Build.0 = Debug|x64
		{71D52CA2-F5CA-43BF-82CB-30FD4015E451}.Debug|x64.ActiveCfg = Debug|x64
		{71D52CA2-F5CA-43BF-82CB-30FD4015E451}.Debug|x64.Build.0 = Debug|x64
		{71D52CA2-F5CA-43BF-82CB-30FD4015E451}.Debug|x86.ActiveCfg = Debug|x64
		{71D52CA2-F5CA-43BF-82CB-30FD4015E451}.Debug|x86.Build.0 = Debug|x64
		{71D52CA2-F5CA-43BF-82CB-30FD4015E451}.Release|Any CPU.ActiveCfg = Release|x64
		{71D52CA2-F5CA-43BF-82CB-30FD4015E451}.Release|Any CPU.Build.0 = Release|x64
		{71D52CA2-F5CA-43BF-82CB-30FD4015E451}.Release|x64.ActiveCfg = Release|x64
		{71D52CA2-F5CA-43BF-82CB-30FD4015E451}.Release|x64.Build.0 = Release|x64
		{71D52CA2-F5CA-43BF-82CB-30FD4015E451}.Release|x86.ActiveCfg = Release|x64
		{71D52CA2-F5CA-43BF-82CB-30FD4015E451}.Release|x86.Build.0 = Release|x64
		{1AA62B43-0E37-44CC-83D3-6A5728542DEC}.Debug|Any CPU.ActiveCfg = Debug|x64
		{1AA62B43-0E37-44CC-83D3-6A5728542DEC}.Debug|Any CPU.Build.0 = Debug|x64
		{1AA62B43-0E37-44CC-83D3-6A5728542DEC}.Debug|x64.ActiveCfg = Debug|x64
		{1AA62B43-0E37-44CC-83D3-6A5728542DEC}.Debug|x64.Build.0 = Debug|x64
		{1AA62B43-0E37-44CC-83D3-6A5728542DEC}.Debug|x86.ActiveCfg = Debug|x64
		{1AA62B43-0E37-44CC-83D3-6A5728542DEC}.Debug|x86.Build.0 = Debug|x64
		{1AA62B43-0E37-44CC-83D3-6A5728542DEC}.Release|Any CPU.ActiveCfg = Release|x64
		{1AA62B43-0E37-44CC-83D3-6A5728542DEC}.Release|Any CPU.Build.0 = Release|x64
		{1AA62B43-0E37-44CC-83D3-6A5728542DEC}.Release|x64.ActiveCfg = Release|x64
		{1AA62B43-0E37-44CC-83D3-6A5728542DEC}.Release|x64.Build.0 = Release|x64
		{1AA62B43-0E37-44CC-83D3-6A5728542DEC}.Release|x86.ActiveCfg = Release|x64
		{1AA62B43-0E37-44CC-83D3-6A5728542DEC}.Release|x86.Build.0 = Release|x64
		{5458700E-FAFE-4DB5-8D00-3E848F039411}.Debug|Any CPU.ActiveCfg = Debug|x64
		{5458700E-FAFE-4DB5-8D00-3E848F039411}.Debug|Any CPU.Build.0 = Debug|x64
		{5458700E-FAFE-4DB5-8D00-3E848F039411}.Debug|x64.ActiveCfg = Debug|x64
		{5458700E-FAFE-4DB5-8D00-3E848F039411}.Debug|x64.Build.0 = Debug|x64
		{5458700E-FAFE-4DB5-8D00-3E848F039411}.Debug|x86.ActiveCfg = Debug|x64
		{5458700E-FAFE-4DB5-8D00-3E848F039411}.Debug|x86.Build.0 = Debug|x64
		{5458700E-FAFE-4DB5-8D00-3E848F039411}.Release|Any CPU.ActiveCfg = Release|x64
		{5458700E-FAFE-4DB5-8D00-3E848F039411}.Release|Any CPU.Build.0 = Release|x64
		{5458700E-FAFE-4DB5-8D00-3E848F039411}.Release|x64.ActiveCfg = Release|x64
		{5458700E-FAFE-4DB5-8D00-3E848F039411}.Release|x64.Build.0 = Release|x64
		{5458700E-FAFE-4DB5-8D00-3E848F039411}.Release|x86.ActiveCfg = Release|x64
		{5458700E-FAFE-4DB5-8D00-3E848F039411}.Release|x86.Build.0 = Release|x64
		{6BA1D96C-0510-4DB2-B965-93CA0AB7F73E}.Debug|Any CPU.ActiveCfg = Debug|x64
		{6BA1D96C-0510-4DB2-B965-93CA0AB7F73E}.Debug|Any CPU.Build.0 = Debug|x64
		{6BA1D96C-0510-4DB2-B965-93CA0AB7F73E}.Debug|x64.ActiveCfg = Debug|x64
		{6BA1D96C-0510-4DB2-B965-93CA0AB7F73E}.Debug|x64.Build.0 = Debug|x64
		{6BA1D96C-0510-4DB2-B965-93CA0AB7F73E}.Debug|x86.ActiveCfg = Debug|x64
		{6BA1D96C-0510-4DB2-B965-93CA0AB7F73E}.Debug|x86.Build.0 = Debug|x64
		{6BA1D96C-0510-4DB2-B965-93CA0AB7F73E}.Release|Any CPU.ActiveCfg = Release|x64
		{6BA1D96C-0510-4DB2-B965-93CA0AB7F73E}.Release|Any CPU.Build.0 = Release|x64
		{6BA1D96C-0510-4DB2-B965-93CA0AB7F73E}.Release|x64.ActiveCfg = Release|x64
		{6BA1D96C-0510-4DB2-B965-93CA0AB7F73E}.Release|x64.Build.0 = Release|x64
		{6BA1D96C-0510-4DB2-B965-93CA0AB7F73E}.Release|x86.ActiveCfg = Release|x64
		{6BA1D96C-0510-4DB2-B965-93CA0AB7F73E}.Release|x86.Build.0 = Release|x64
	EndGlobalSection
	GlobalSection(SolutionProperties) = preSolution
		HideSolutionNode = FALSE
	EndGlobalSection
	GlobalSection(NestedProjects) = preSolution
		{272BC91F-181B-4245-82C2-C5229FA86C43} = {827E0CD3-B72D-47B6-A68D-7590B98EB39B}
		{2586F325-22BE-40E5-87DF-150749A0E129} = {827E0CD3-B72D-47B6-A68D-7590B98EB39B}
		{DC79CBE0-1BCB-43F9-9DBE-51AE7ED596AB} = {827E0CD3-B72D-47B6-A68D-7590B98EB39B}
		{E1BB295E-8520-4F47-8A7E-9B259683BA25} = {827E0CD3-B72D-47B6-A68D-7590B98EB39B}
		{EE7681E8-B5D2-4669-ACCA-8DA56BB8DFD2} = {827E0CD3-B72D-47B6-A68D-7590B98EB39B}
		{68869361-99E4-4A04-8DEA-AA6C9763533D} = {827E0CD3-B72D-47B6-A68D-7590B98EB39B}
		{86DDF6A3-C775-4743-B349-695BF9D15C74} = {827E0CD3-B72D-47B6-A68D-7590B98EB39B}
		{71D52CA2-F5CA-43BF-82CB-30FD4015E451} = {827E0CD3-B72D-47B6-A68D-7590B98EB39B}
		{1AA62B43-0E37-44CC-83D3-6A5728542DEC} = {827E0CD3-B72D-47B6-A68D-7590B98EB39B}
		{5458700E-FAFE-4DB5-8D00-3E848F039411} = {07C2787E-EAC7-C090-1BA3-A61EC2A24D84}
		{6BA1D96C-0510-4DB2-B965-93CA0AB7F73E} = {0AB3BF05-4346-4AA6-1389-037BE0695223}
	EndGlobalSection
EndGlobal
